# THIS IS AN AUTOGENERATED FILE. DO NOT EDIT THIS FILE DIRECTLY.
# yarn lockfile v1


chessground@^8.1.7:
  version "8.1.7"
  resolved "https://registry.yarnpkg.com/chessground/-/chessground-8.1.7.tgz#bbc2280597c009feee5f289f4a62fb7cb0347c2a"
  integrity sha512-YpFFxsA+WrfAuCCudLennESuMEaZVnC8HJNVUvBJYPdtQSTOx5D7hZhtjWuwEe9jJP9bHhA6mOYOT6NmfS84qQ==
